<?xml version="1.0" encoding="utf-8"?>
<Project ToolsVersion="4.0" xmlns="http://schemas.microsoft.com/developer/msbuild/2003">
  <ItemGroup>
    <Filter Include="gtest">
      <UniqueIdentifier>{6803bb35-eae8-4ba3-9fb9-74b4a40b156e}</UniqueIdentifier>
    </Filter>
    <Filter Include="commonItems">
      <UniqueIdentifier>{4b366ebd-f5bb-4d38-b860-99b89df5701b}</UniqueIdentifier>
    </Filter>
    <Filter Include="tests">
      <UniqueIdentifier>{8bd56f1e-1bc2-4be9-ac5c-2cffe2d3ccba}</UniqueIdentifier>
    </Filter>
  </ItemGroup>
  <ItemGroup>
    <ClCompile Include="googletest\googletest\src\gtest_main.cc">
      <Filter>gtest</Filter>
    </ClCompile>
    <ClCompile Include="googletest\googletest\src\gtest-all.cc">
      <Filter>gtest</Filter>
    </ClCompile>
    <ClCompile Include="googletest\googlemock\src\gmock-all.cc">
      <Filter>gtest</Filter>
    </ClCompile>
    <ClCompile Include="ParserTests.cpp">
      <Filter>tests</Filter>
    </ClCompile>
    <ClCompile Include="LogTests.ixx">
      <Filter>tests</Filter>
    </ClCompile>
    <ClCompile Include="..\Log.cpp">
      <Filter>commonItems</Filter>
    </ClCompile>
    <ClCompile Include="..\Log.ixx">
      <Filter>commonItems</Filter>
    </ClCompile>
  </ItemGroup>
</Project>